// !$*UTF8*$!
{
	archiveVersion = 1;
	classes = {
	};
	objectVersion = 46;
	objects = {

/* Begin PBXBuildFile section */
		4E23A6D91BD69D62006DC475 /* VolunteerViewController.m in Sources */ = {isa = PBXBuildFile; fileRef = 4E23A6D81BD69D62006DC475 /* VolunteerViewController.m */; };
		4E2A876C1BDFC1D800F553B2 /* SearchViewController.m in Sources */ = {isa = PBXBuildFile; fileRef = 4E2A876B1BDFC1D800F553B2 /* SearchViewController.m */; settings = {ASSET_TAGS = (); }; };
		4E2A87721BE0A1DF00F553B2 /* CoreDataManager.m in Sources */ = {isa = PBXBuildFile; fileRef = 4E2A87711BE0A1DF00F553B2 /* CoreDataManager.m */; settings = {ASSET_TAGS = (); }; };
		4E2A87751BE0A92000F553B2 /* APIInterface.m in Sources */ = {isa = PBXBuildFile; fileRef = 4E2A87741BE0A92000F553B2 /* APIInterface.m */; settings = {ASSET_TAGS = (); }; };
		4E2A87791BE0A9E800F553B2 /* APIError.m in Sources */ = {isa = PBXBuildFile; fileRef = 4E2A87781BE0A9E800F553B2 /* APIError.m */; settings = {ASSET_TAGS = (); }; };
		4E2A877E1BE0BEFF00F553B2 /* AdminAPIInterface.m in Sources */ = {isa = PBXBuildFile; fileRef = 4E2A877D1BE0BEFF00F553B2 /* AdminAPIInterface.m */; settings = {ASSET_TAGS = (); }; };
		4E2A87811BE0C5E500F553B2 /* ICSDataManager.m in Sources */ = {isa = PBXBuildFile; fileRef = 4E2A87801BE0C5E500F553B2 /* ICSDataManager.m */; settings = {ASSET_TAGS = (); }; };
		4E2A87841BE0D63A00F553B2 /* User+CoreDataProperties.m in Sources */ = {isa = PBXBuildFile; fileRef = 4E2A87831BE0D63A00F553B2 /* User+CoreDataProperties.m */; settings = {ASSET_TAGS = (); }; };
		4E2A87881BE0D64C00F553B2 /* User.m in Sources */ = {isa = PBXBuildFile; fileRef = 4E2A87871BE0D64C00F553B2 /* User.m */; settings = {ASSET_TAGS = (); }; };
		4E2A878D1BE0D6FB00F553B2 /* User+APIAdditions.m in Sources */ = {isa = PBXBuildFile; fileRef = 4E2A878C1BE0D6FB00F553B2 /* User+APIAdditions.m */; settings = {ASSET_TAGS = (); }; };
		4E2A87911BE0E4DD00F553B2 /* ProfileViewController.m in Sources */ = {isa = PBXBuildFile; fileRef = 4E2A87901BE0E4DD00F553B2 /* ProfileViewController.m */; settings = {ASSET_TAGS = (); }; };
		4E2A87921BE0E4DD00F553B2 /* ProfileViewController.m in Sources */ = {isa = PBXBuildFile; fileRef = 4E2A87901BE0E4DD00F553B2 /* ProfileViewController.m */; settings = {ASSET_TAGS = (); }; };
		4E88B7EB1BDDFF7400560B14 /* CreateEventViewController.m in Sources */ = {isa = PBXBuildFile; fileRef = 4E88B7EA1BDDFF7400560B14 /* CreateEventViewController.m */; };
		4E88B7EE1BDE1EAC00560B14 /* SelectorView.m in Sources */ = {isa = PBXBuildFile; fileRef = 4E88B7ED1BDE1EAC00560B14 /* SelectorView.m */; };
		4EDCEE5D1BD4D0F6000847BA /* main.m in Sources */ = {isa = PBXBuildFile; fileRef = 4EDCEE5C1BD4D0F6000847BA /* main.m */; };
		4EDCEE691BD4D0F6000847BA /* Main.storyboard in Resources */ = {isa = PBXBuildFile; fileRef = 4EDCEE671BD4D0F6000847BA /* Main.storyboard */; };
		4EDCEE6B1BD4D0F6000847BA /* Images.xcassets in Resources */ = {isa = PBXBuildFile; fileRef = 4EDCEE6A1BD4D0F6000847BA /* Images.xcassets */; };
		4EDCEE6E1BD4D0F6000847BA /* LaunchScreen.xib in Resources */ = {isa = PBXBuildFile; fileRef = 4EDCEE6C1BD4D0F6000847BA /* LaunchScreen.xib */; };
		4EDCEE7A1BD4D0F6000847BA /* ICSAdminTests.m in Sources */ = {isa = PBXBuildFile; fileRef = 4EDCEE791BD4D0F6000847BA /* ICSAdminTests.m */; };
		4EDCEE851BD4F1CB000847BA /* ICSAdmin.xcdatamodeld in Sources */ = {isa = PBXBuildFile; fileRef = 4EDCEE831BD4F1CB000847BA /* ICSAdmin.xcdatamodeld */; };
		4EDCEE8C1BD4F363000847BA /* ICSModel.m in Sources */ = {isa = PBXBuildFile; fileRef = 4EDCEE8B1BD4F363000847BA /* ICSModel.m */; };
		4EDCEE8F1BD4F527000847BA /* AppDelegate.m in Sources */ = {isa = PBXBuildFile; fileRef = 4EDCEE8E1BD4F527000847BA /* AppDelegate.m */; };
		4EDCEE941BD4F839000847BA /* ContainerViewController.m in Sources */ = {isa = PBXBuildFile; fileRef = 4EDCEE931BD4F839000847BA /* ContainerViewController.m */; };
		4EDCEE991BD4F855000847BA /* ControllerTransitionContext.m in Sources */ = {isa = PBXBuildFile; fileRef = 4EDCEE981BD4F855000847BA /* ControllerTransitionContext.m */; };
		4EDCEE9C1BD4F85E000847BA /* TransitionAnimator.m in Sources */ = {isa = PBXBuildFile; fileRef = 4EDCEE9B1BD4F85E000847BA /* TransitionAnimator.m */; };
		4EDCEEA01BD4F8CF000847BA /* LoginViewController.m in Sources */ = {isa = PBXBuildFile; fileRef = 4EDCEE9F1BD4F8CF000847BA /* LoginViewController.m */; };
		4EDCEEA41BD4FA45000847BA /* Login.storyboard in Resources */ = {isa = PBXBuildFile; fileRef = 4EDCEEA31BD4FA45000847BA /* Login.storyboard */; };
		4EDCEEA71BD502B3000847BA /* SignupViewController.m in Sources */ = {isa = PBXBuildFile; fileRef = 4EDCEEA61BD502B3000847BA /* SignupViewController.m */; };
		4EDCEEAA1BD51970000847BA /* HomeViewController.m in Sources */ = {isa = PBXBuildFile; fileRef = 4EDCEEA91BD51970000847BA /* HomeViewController.m */; };
		4EDCEEAD1BD61323000847BA /* NSDate+FormattedDate.m in Sources */ = {isa = PBXBuildFile; fileRef = 4EDCEEAC1BD61323000847BA /* NSDate+FormattedDate.m */; };
		4EDCEEB11BD62F8F000847BA /* MenuViewController.m in Sources */ = {isa = PBXBuildFile; fileRef = 4EDCEEB01BD62F8F000847BA /* MenuViewController.m */; };
		4EDCEEB41BD63CD5000847BA /* CustomNavigationController.m in Sources */ = {isa = PBXBuildFile; fileRef = 4EDCEEB31BD63CD5000847BA /* CustomNavigationController.m */; };
		4EDCEEB71BD68F87000847BA /* EventsViewController.m in Sources */ = {isa = PBXBuildFile; fileRef = 4EDCEEB61BD68F87000847BA /* EventsViewController.m */; };
		4EFE5DD21BDF6BF90059C645 /* QuestionnaireViewController.m in Sources */ = {isa = PBXBuildFile; fileRef = 4EFE5DD11BDF6BF90059C645 /* QuestionnaireViewController.m */; };
		4EFE5DD51BDF75690059C645 /* FormViewController.m in Sources */ = {isa = PBXBuildFile; fileRef = 4EFE5DD41BDF75690059C645 /* FormViewController.m */; };
		7063553F9C5DE42103834F36 /* libPods.a in Frameworks */ = {isa = PBXBuildFile; fileRef = BDABF0611E0BC3B33599D66F /* libPods.a */; };
/* End PBXBuildFile section */

/* Begin PBXContainerItemProxy section */
		4EDCEE741BD4D0F6000847BA /* PBXContainerItemProxy */ = {
			isa = PBXContainerItemProxy;
			containerPortal = 4EDCEE4F1BD4D0F6000847BA /* Project object */;
			proxyType = 1;
			remoteGlobalIDString = 4EDCEE561BD4D0F6000847BA;
			remoteInfo = ICSAdmin;
		};
/* End PBXContainerItemProxy section */

/* Begin PBXFileReference section */
		4916C51D39A56942E3C07901 /* Pods.debug.xcconfig */ = {isa = PBXFileReference; includeInIndex = 1; lastKnownFileType = text.xcconfig; name = Pods.debug.xcconfig; path = "Pods/Target Support Files/Pods/Pods.debug.xcconfig"; sourceTree = "<group>"; };
		4E23A6D71BD69D62006DC475 /* VolunteerViewController.h */ = {isa = PBXFileReference; fileEncoding = 4; lastKnownFileType = sourcecode.c.h; name = VolunteerViewController.h; path = Controllers/VolunteerViewController.h; sourceTree = "<group>"; };
		4E23A6D81BD69D62006DC475 /* VolunteerViewController.m */ = {isa = PBXFileReference; fileEncoding = 4; lastKnownFileType = sourcecode.c.objc; name = VolunteerViewController.m; path = Controllers/VolunteerViewController.m; sourceTree = "<group>"; };
		4E2A876A1BDFC1D800F553B2 /* SearchViewController.h */ = {isa = PBXFileReference; fileEncoding = 4; lastKnownFileType = sourcecode.c.h; name = SearchViewController.h; path = Controllers/SearchViewController.h; sourceTree = "<group>"; };
		4E2A876B1BDFC1D800F553B2 /* SearchViewController.m */ = {isa = PBXFileReference; fileEncoding = 4; lastKnownFileType = sourcecode.c.objc; name = SearchViewController.m; path = Controllers/SearchViewController.m; sourceTree = "<group>"; };
		4E2A876E1BE09DD600F553B2 /* RestkitAdditions.h */ = {isa = PBXFileReference; fileEncoding = 4; lastKnownFileType = sourcecode.c.h; name = RestkitAdditions.h; path = API/RestkitAdditions.h; sourceTree = "<group>"; };
		4E2A87701BE0A1DF00F553B2 /* CoreDataManager.h */ = {isa = PBXFileReference; fileEncoding = 4; lastKnownFileType = sourcecode.c.h; name = CoreDataManager.h; path = Model/CoreDataManager.h; sourceTree = "<group>"; };
		4E2A87711BE0A1DF00F553B2 /* CoreDataManager.m */ = {isa = PBXFileReference; fileEncoding = 4; lastKnownFileType = sourcecode.c.objc; name = CoreDataManager.m; path = Model/CoreDataManager.m; sourceTree = "<group>"; };
		4E2A87731BE0A92000F553B2 /* APIInterface.h */ = {isa = PBXFileReference; fileEncoding = 4; lastKnownFileType = sourcecode.c.h; name = APIInterface.h; path = API/APIInterface.h; sourceTree = "<group>"; };
		4E2A87741BE0A92000F553B2 /* APIInterface.m */ = {isa = PBXFileReference; fileEncoding = 4; lastKnownFileType = sourcecode.c.objc; name = APIInterface.m; path = API/APIInterface.m; sourceTree = "<group>"; };
		4E2A87761BE0A9AB00F553B2 /* APIErrorProtocol.h */ = {isa = PBXFileReference; fileEncoding = 4; lastKnownFileType = sourcecode.c.h; name = APIErrorProtocol.h; path = API/APIErrorProtocol.h; sourceTree = "<group>"; };
		4E2A87771BE0A9E800F553B2 /* APIError.h */ = {isa = PBXFileReference; fileEncoding = 4; lastKnownFileType = sourcecode.c.h; name = APIError.h; path = API/APIError.h; sourceTree = "<group>"; };
		4E2A87781BE0A9E800F553B2 /* APIError.m */ = {isa = PBXFileReference; fileEncoding = 4; lastKnownFileType = sourcecode.c.objc; name = APIError.m; path = API/APIError.m; sourceTree = "<group>"; };
		4E2A877A1BE0B58D00F553B2 /* ICSAdmin-Prefix.pch */ = {isa = PBXFileReference; lastKnownFileType = sourcecode.c.h; path = "ICSAdmin-Prefix.pch"; sourceTree = "<group>"; };
		4E2A877B1BE0BE6B00F553B2 /* Constants.h */ = {isa = PBXFileReference; lastKnownFileType = sourcecode.c.h; path = Constants.h; sourceTree = "<group>"; };
		4E2A877C1BE0BEFF00F553B2 /* AdminAPIInterface.h */ = {isa = PBXFileReference; fileEncoding = 4; lastKnownFileType = sourcecode.c.h; name = AdminAPIInterface.h; path = API/AdminAPIInterface.h; sourceTree = "<group>"; };
		4E2A877D1BE0BEFF00F553B2 /* AdminAPIInterface.m */ = {isa = PBXFileReference; fileEncoding = 4; lastKnownFileType = sourcecode.c.objc; name = AdminAPIInterface.m; path = API/AdminAPIInterface.m; sourceTree = "<group>"; };
		4E2A877F1BE0C5E500F553B2 /* ICSDataManager.h */ = {isa = PBXFileReference; fileEncoding = 4; lastKnownFileType = sourcecode.c.h; name = ICSDataManager.h; path = Model/ICSDataManager.h; sourceTree = "<group>"; };
		4E2A87801BE0C5E500F553B2 /* ICSDataManager.m */ = {isa = PBXFileReference; fileEncoding = 4; lastKnownFileType = sourcecode.c.objc; name = ICSDataManager.m; path = Model/ICSDataManager.m; sourceTree = "<group>"; };
		4E2A87821BE0D63300F553B2 /* User+CoreDataProperties.h */ = {isa = PBXFileReference; fileEncoding = 4; lastKnownFileType = sourcecode.c.h; name = "User+CoreDataProperties.h"; path = "Model/Objects/User+CoreDataProperties.h"; sourceTree = "<group>"; };
		4E2A87831BE0D63A00F553B2 /* User+CoreDataProperties.m */ = {isa = PBXFileReference; fileEncoding = 4; lastKnownFileType = sourcecode.c.objc; name = "User+CoreDataProperties.m"; path = "Model/Objects/User+CoreDataProperties.m"; sourceTree = "<group>"; };
		4E2A87861BE0D64500F553B2 /* User.h */ = {isa = PBXFileReference; fileEncoding = 4; lastKnownFileType = sourcecode.c.h; name = User.h; path = Model/Objects/User.h; sourceTree = "<group>"; };
		4E2A87871BE0D64C00F553B2 /* User.m */ = {isa = PBXFileReference; fileEncoding = 4; lastKnownFileType = sourcecode.c.objc; name = User.m; path = Model/Objects/User.m; sourceTree = "<group>"; };
		4E2A878B1BE0D6FB00F553B2 /* User+APIAdditions.h */ = {isa = PBXFileReference; fileEncoding = 4; lastKnownFileType = sourcecode.c.h; name = "User+APIAdditions.h"; path = "Model/Objects/User+APIAdditions.h"; sourceTree = "<group>"; };
		4E2A878C1BE0D6FB00F553B2 /* User+APIAdditions.m */ = {isa = PBXFileReference; fileEncoding = 4; lastKnownFileType = sourcecode.c.objc; name = "User+APIAdditions.m"; path = "Model/Objects/User+APIAdditions.m"; sourceTree = "<group>"; };
		4E2A878F1BE0E4DC00F553B2 /* ProfileViewController.h */ = {isa = PBXFileReference; fileEncoding = 4; lastKnownFileType = sourcecode.c.h; name = ProfileViewController.h; path = Controllers/ProfileViewController.h; sourceTree = "<group>"; };
		4E2A87901BE0E4DD00F553B2 /* ProfileViewController.m */ = {isa = PBXFileReference; fileEncoding = 4; lastKnownFileType = sourcecode.c.objc; name = ProfileViewController.m; path = Controllers/ProfileViewController.m; sourceTree = "<group>"; };
		4E88B7E91BDDFF7400560B14 /* CreateEventViewController.h */ = {isa = PBXFileReference; fileEncoding = 4; lastKnownFileType = sourcecode.c.h; name = CreateEventViewController.h; path = Controllers/CreateEventViewController.h; sourceTree = "<group>"; };
		4E88B7EA1BDDFF7400560B14 /* CreateEventViewController.m */ = {isa = PBXFileReference; fileEncoding = 4; lastKnownFileType = sourcecode.c.objc; name = CreateEventViewController.m; path = Controllers/CreateEventViewController.m; sourceTree = "<group>"; };
		4E88B7EC1BDE1EAC00560B14 /* SelectorView.h */ = {isa = PBXFileReference; fileEncoding = 4; lastKnownFileType = sourcecode.c.h; name = SelectorView.h; path = Views/SelectorView.h; sourceTree = "<group>"; };
		4E88B7ED1BDE1EAC00560B14 /* SelectorView.m */ = {isa = PBXFileReference; fileEncoding = 4; lastKnownFileType = sourcecode.c.objc; name = SelectorView.m; path = Views/SelectorView.m; sourceTree = "<group>"; };
		4EDCEE571BD4D0F6000847BA /* ICSAdmin.app */ = {isa = PBXFileReference; explicitFileType = wrapper.application; includeInIndex = 0; path = ICSAdmin.app; sourceTree = BUILT_PRODUCTS_DIR; };
		4EDCEE5B1BD4D0F6000847BA /* Info.plist */ = {isa = PBXFileReference; lastKnownFileType = text.plist.xml; path = Info.plist; sourceTree = "<group>"; };
		4EDCEE5C1BD4D0F6000847BA /* main.m */ = {isa = PBXFileReference; lastKnownFileType = sourcecode.c.objc; path = main.m; sourceTree = "<group>"; };
		4EDCEE681BD4D0F6000847BA /* Base */ = {isa = PBXFileReference; lastKnownFileType = file.storyboard; name = Base; path = Base.lproj/Main.storyboard; sourceTree = "<group>"; };
		4EDCEE6A1BD4D0F6000847BA /* Images.xcassets */ = {isa = PBXFileReference; lastKnownFileType = folder.assetcatalog; path = Images.xcassets; sourceTree = "<group>"; };
		4EDCEE6D1BD4D0F6000847BA /* Base */ = {isa = PBXFileReference; lastKnownFileType = file.xib; name = Base; path = Base.lproj/LaunchScreen.xib; sourceTree = "<group>"; };
		4EDCEE731BD4D0F6000847BA /* ICSAdminTests.xctest */ = {isa = PBXFileReference; explicitFileType = wrapper.cfbundle; includeInIndex = 0; path = ICSAdminTests.xctest; sourceTree = BUILT_PRODUCTS_DIR; };
		4EDCEE781BD4D0F6000847BA /* Info.plist */ = {isa = PBXFileReference; lastKnownFileType = text.plist.xml; path = Info.plist; sourceTree = "<group>"; };
		4EDCEE791BD4D0F6000847BA /* ICSAdminTests.m */ = {isa = PBXFileReference; lastKnownFileType = sourcecode.c.objc; path = ICSAdminTests.m; sourceTree = "<group>"; };
		4EDCEE841BD4F1CB000847BA /* ICSAdmin.xcdatamodel */ = {isa = PBXFileReference; lastKnownFileType = wrapper.xcdatamodel; path = ICSAdmin.xcdatamodel; sourceTree = "<group>"; };
		4EDCEE8A1BD4F363000847BA /* ICSModel.h */ = {isa = PBXFileReference; fileEncoding = 4; lastKnownFileType = sourcecode.c.h; name = ICSModel.h; path = Model/ICSModel.h; sourceTree = "<group>"; };
		4EDCEE8B1BD4F363000847BA /* ICSModel.m */ = {isa = PBXFileReference; fileEncoding = 4; lastKnownFileType = sourcecode.c.objc; name = ICSModel.m; path = Model/ICSModel.m; sourceTree = "<group>"; };
		4EDCEE8D1BD4F523000847BA /* AppDelegate.h */ = {isa = PBXFileReference; lastKnownFileType = sourcecode.c.h; name = AppDelegate.h; path = Supports/AppDelegate.h; sourceTree = "<group>"; };
		4EDCEE8E1BD4F527000847BA /* AppDelegate.m */ = {isa = PBXFileReference; fileEncoding = 4; lastKnownFileType = sourcecode.c.objc; name = AppDelegate.m; path = Supports/AppDelegate.m; sourceTree = "<group>"; };
		4EDCEE921BD4F835000847BA /* ContainerViewController.h */ = {isa = PBXFileReference; lastKnownFileType = sourcecode.c.h; name = ContainerViewController.h; path = Classes/ContainerViewController.h; sourceTree = "<group>"; };
		4EDCEE931BD4F839000847BA /* ContainerViewController.m */ = {isa = PBXFileReference; fileEncoding = 4; lastKnownFileType = sourcecode.c.objc; name = ContainerViewController.m; path = Classes/ContainerViewController.m; sourceTree = "<group>"; };
		4EDCEE971BD4F84E000847BA /* ControllerTransitionContext.h */ = {isa = PBXFileReference; lastKnownFileType = sourcecode.c.h; name = ControllerTransitionContext.h; path = Classes/ControllerTransitionContext.h; sourceTree = "<group>"; };
		4EDCEE981BD4F855000847BA /* ControllerTransitionContext.m */ = {isa = PBXFileReference; fileEncoding = 4; lastKnownFileType = sourcecode.c.objc; name = ControllerTransitionContext.m; path = Classes/ControllerTransitionContext.m; sourceTree = "<group>"; };
		4EDCEE9A1BD4F85A000847BA /* TransitionAnimator.h */ = {isa = PBXFileReference; lastKnownFileType = sourcecode.c.h; name = TransitionAnimator.h; path = Classes/TransitionAnimator.h; sourceTree = "<group>"; };
		4EDCEE9B1BD4F85E000847BA /* TransitionAnimator.m */ = {isa = PBXFileReference; fileEncoding = 4; lastKnownFileType = sourcecode.c.objc; name = TransitionAnimator.m; path = Classes/TransitionAnimator.m; sourceTree = "<group>"; };
		4EDCEE9E1BD4F8CB000847BA /* LoginViewController.h */ = {isa = PBXFileReference; lastKnownFileType = sourcecode.c.h; name = LoginViewController.h; path = Controllers/LoginViewController.h; sourceTree = "<group>"; };
		4EDCEE9F1BD4F8CF000847BA /* LoginViewController.m */ = {isa = PBXFileReference; fileEncoding = 4; lastKnownFileType = sourcecode.c.objc; name = LoginViewController.m; path = Controllers/LoginViewController.m; sourceTree = "<group>"; };
		4EDCEEA31BD4FA45000847BA /* Login.storyboard */ = {isa = PBXFileReference; fileEncoding = 4; lastKnownFileType = file.storyboard; path = Login.storyboard; sourceTree = "<group>"; };
		4EDCEEA51BD502B3000847BA /* SignupViewController.h */ = {isa = PBXFileReference; fileEncoding = 4; lastKnownFileType = sourcecode.c.h; name = SignupViewController.h; path = Controllers/SignupViewController.h; sourceTree = "<group>"; };
		4EDCEEA61BD502B3000847BA /* SignupViewController.m */ = {isa = PBXFileReference; fileEncoding = 4; lastKnownFileType = sourcecode.c.objc; name = SignupViewController.m; path = Controllers/SignupViewController.m; sourceTree = "<group>"; };
		4EDCEEA81BD51970000847BA /* HomeViewController.h */ = {isa = PBXFileReference; fileEncoding = 4; lastKnownFileType = sourcecode.c.h; name = HomeViewController.h; path = Controllers/HomeViewController.h; sourceTree = "<group>"; };
		4EDCEEA91BD51970000847BA /* HomeViewController.m */ = {isa = PBXFileReference; fileEncoding = 4; lastKnownFileType = sourcecode.c.objc; name = HomeViewController.m; path = Controllers/HomeViewController.m; sourceTree = "<group>"; };
		4EDCEEAB1BD61323000847BA /* NSDate+FormattedDate.h */ = {isa = PBXFileReference; fileEncoding = 4; lastKnownFileType = sourcecode.c.h; name = "NSDate+FormattedDate.h"; path = "Categories/NSDate+FormattedDate.h"; sourceTree = "<group>"; };
		4EDCEEAC1BD61323000847BA /* NSDate+FormattedDate.m */ = {isa = PBXFileReference; fileEncoding = 4; lastKnownFileType = sourcecode.c.objc; name = "NSDate+FormattedDate.m"; path = "Categories/NSDate+FormattedDate.m"; sourceTree = "<group>"; };
		4EDCEEAF1BD62F8F000847BA /* MenuViewController.h */ = {isa = PBXFileReference; fileEncoding = 4; lastKnownFileType = sourcecode.c.h; name = MenuViewController.h; path = Controllers/MenuViewController.h; sourceTree = "<group>"; };
		4EDCEEB01BD62F8F000847BA /* MenuViewController.m */ = {isa = PBXFileReference; fileEncoding = 4; lastKnownFileType = sourcecode.c.objc; name = MenuViewController.m; path = Controllers/MenuViewController.m; sourceTree = "<group>"; };
		4EDCEEB21BD63CD5000847BA /* CustomNavigationController.h */ = {isa = PBXFileReference; fileEncoding = 4; lastKnownFileType = sourcecode.c.h; name = CustomNavigationController.h; path = Controllers/CustomNavigationController.h; sourceTree = "<group>"; };
		4EDCEEB31BD63CD5000847BA /* CustomNavigationController.m */ = {isa = PBXFileReference; fileEncoding = 4; lastKnownFileType = sourcecode.c.objc; name = CustomNavigationController.m; path = Controllers/CustomNavigationController.m; sourceTree = "<group>"; };
		4EDCEEB51BD68F87000847BA /* EventsViewController.h */ = {isa = PBXFileReference; fileEncoding = 4; lastKnownFileType = sourcecode.c.h; name = EventsViewController.h; path = Controllers/EventsViewController.h; sourceTree = "<group>"; };
		4EDCEEB61BD68F87000847BA /* EventsViewController.m */ = {isa = PBXFileReference; fileEncoding = 4; lastKnownFileType = sourcecode.c.objc; name = EventsViewController.m; path = Controllers/EventsViewController.m; sourceTree = "<group>"; };
		4EFE5DD01BDF6BF90059C645 /* QuestionnaireViewController.h */ = {isa = PBXFileReference; fileEncoding = 4; lastKnownFileType = sourcecode.c.h; name = QuestionnaireViewController.h; path = Controllers/QuestionnaireViewController.h; sourceTree = "<group>"; };
		4EFE5DD11BDF6BF90059C645 /* QuestionnaireViewController.m */ = {isa = PBXFileReference; fileEncoding = 4; lastKnownFileType = sourcecode.c.objc; name = QuestionnaireViewController.m; path = Controllers/QuestionnaireViewController.m; sourceTree = "<group>"; };
		4EFE5DD31BDF75690059C645 /* FormViewController.h */ = {isa = PBXFileReference; fileEncoding = 4; lastKnownFileType = sourcecode.c.h; name = FormViewController.h; path = Controllers/FormViewController.h; sourceTree = "<group>"; };
		4EFE5DD41BDF75690059C645 /* FormViewController.m */ = {isa = PBXFileReference; fileEncoding = 4; lastKnownFileType = sourcecode.c.objc; name = FormViewController.m; path = Controllers/FormViewController.m; sourceTree = "<group>"; };
		9923BC1EF976AE8B23778228 /* Pods.release.xcconfig */ = {isa = PBXFileReference; includeInIndex = 1; lastKnownFileType = text.xcconfig; name = Pods.release.xcconfig; path = "Pods/Target Support Files/Pods/Pods.release.xcconfig"; sourceTree = "<group>"; };
		BDABF0611E0BC3B33599D66F /* libPods.a */ = {isa = PBXFileReference; explicitFileType = archive.ar; includeInIndex = 0; path = libPods.a; sourceTree = BUILT_PRODUCTS_DIR; };
/* End PBXFileReference section */

/* Begin PBXFrameworksBuildPhase section */
		4EDCEE541BD4D0F6000847BA /* Frameworks */ = {
			isa = PBXFrameworksBuildPhase;
			buildActionMask = 2147483647;
			files = (
				7063553F9C5DE42103834F36 /* libPods.a in Frameworks */,
			);
			runOnlyForDeploymentPostprocessing = 0;
		};
		4EDCEE701BD4D0F6000847BA /* Frameworks */ = {
			isa = PBXFrameworksBuildPhase;
			buildActionMask = 2147483647;
			files = (
			);
			runOnlyForDeploymentPostprocessing = 0;
		};
/* End PBXFrameworksBuildPhase section */

/* Begin PBXGroup section */
		4E2A876F1BE09DDA00F553B2 /* API */ = {
			isa = PBXGroup;
			children = (
				4E2A876E1BE09DD600F553B2 /* RestkitAdditions.h */,
				4E2A87731BE0A92000F553B2 /* APIInterface.h */,
				4E2A87741BE0A92000F553B2 /* APIInterface.m */,
				4E2A87761BE0A9AB00F553B2 /* APIErrorProtocol.h */,
				4E2A87771BE0A9E800F553B2 /* APIError.h */,
				4E2A87781BE0A9E800F553B2 /* APIError.m */,
				4E2A877C1BE0BEFF00F553B2 /* AdminAPIInterface.h */,
				4E2A877D1BE0BEFF00F553B2 /* AdminAPIInterface.m */,
			);
			name = API;
			sourceTree = "<group>";
		};
		4E2A878A1BE0D66D00F553B2 /* Entities */ = {
			isa = PBXGroup;
			children = (
				4E2A87871BE0D64C00F553B2 /* User.m */,
				4E2A87861BE0D64500F553B2 /* User.h */,
				4E2A87821BE0D63300F553B2 /* User+CoreDataProperties.h */,
				4E2A87831BE0D63A00F553B2 /* User+CoreDataProperties.m */,
				4E2A878B1BE0D6FB00F553B2 /* User+APIAdditions.h */,
				4E2A878C1BE0D6FB00F553B2 /* User+APIAdditions.m */,
			);
			name = Entities;
			sourceTree = "<group>";
		};
		4E2A87931BE0EE8800F553B2 /* Authentication */ = {
			isa = PBXGroup;
			children = (
				4E2A878F1BE0E4DC00F553B2 /* ProfileViewController.h */,
				4E2A87901BE0E4DD00F553B2 /* ProfileViewController.m */,
				4EDCEE9E1BD4F8CB000847BA /* LoginViewController.h */,
				4EDCEE9F1BD4F8CF000847BA /* LoginViewController.m */,
				4EDCEEA51BD502B3000847BA /* SignupViewController.h */,
				4EDCEEA61BD502B3000847BA /* SignupViewController.m */,
			);
			name = Authentication;
			sourceTree = "<group>";
		};
		4E88B7EF1BDE1EBE00560B14 /* Views */ = {
			isa = PBXGroup;
			children = (
				4E88B7EC1BDE1EAC00560B14 /* SelectorView.h */,
				4E88B7ED1BDE1EAC00560B14 /* SelectorView.m */,
			);
			name = Views;
			sourceTree = "<group>";
		};
		4EDCEE4E1BD4D0F6000847BA = {
			isa = PBXGroup;
			children = (
				4EDCEE591BD4D0F6000847BA /* ICSAdmin */,
				4EDCEE761BD4D0F6000847BA /* ICSAdminTests */,
				4EDCEE581BD4D0F6000847BA /* Products */,
				8333FDAC9B1DB74C98E50A39 /* Pods */,
				E115C27A6568649CBB53594C /* Frameworks */,
			);
			sourceTree = "<group>";
		};
		4EDCEE581BD4D0F6000847BA /* Products */ = {
			isa = PBXGroup;
			children = (
				4EDCEE571BD4D0F6000847BA /* ICSAdmin.app */,
				4EDCEE731BD4D0F6000847BA /* ICSAdminTests.xctest */,
			);
			name = Products;
			sourceTree = "<group>";
		};
		4EDCEE591BD4D0F6000847BA /* ICSAdmin */ = {
			isa = PBXGroup;
			children = (
				4EDCEE8D1BD4F523000847BA /* AppDelegate.h */,
				4EDCEE8E1BD4F527000847BA /* AppDelegate.m */,
				4EDCEEA11BD4F8D7000847BA /* Controllers */,
				4EDCEE9D1BD4F879000847BA /* Classes */,
				4EDCEE891BD4F339000847BA /* Model */,
				4EDCEE671BD4D0F6000847BA /* Main.storyboard */,
				4EDCEEA31BD4FA45000847BA /* Login.storyboard */,
				4EDCEE6A1BD4D0F6000847BA /* Images.xcassets */,
				4EDCEE6C1BD4D0F6000847BA /* LaunchScreen.xib */,
				4EDCEE5A1BD4D0F6000847BA /* Supporting Files */,
				4EDCEEAE1BD6132A000847BA /* Categories */,
				4E88B7EF1BDE1EBE00560B14 /* Views */,
				4E2A876F1BE09DDA00F553B2 /* API */,
			);
			path = ICSAdmin;
			sourceTree = "<group>";
		};
		4EDCEE5A1BD4D0F6000847BA /* Supporting Files */ = {
			isa = PBXGroup;
			children = (
				4E2A877A1BE0B58D00F553B2 /* ICSAdmin-Prefix.pch */,
				4EDCEE5B1BD4D0F6000847BA /* Info.plist */,
				4EDCEE5C1BD4D0F6000847BA /* main.m */,
				4E2A877B1BE0BE6B00F553B2 /* Constants.h */,
			);
			name = "Supporting Files";
			sourceTree = "<group>";
		};
		4EDCEE761BD4D0F6000847BA /* ICSAdminTests */ = {
			isa = PBXGroup;
			children = (
				4EDCEE791BD4D0F6000847BA /* ICSAdminTests.m */,
				4EDCEE771BD4D0F6000847BA /* Supporting Files */,
			);
			path = ICSAdminTests;
			sourceTree = "<group>";
		};
		4EDCEE771BD4D0F6000847BA /* Supporting Files */ = {
			isa = PBXGroup;
			children = (
				4EDCEE781BD4D0F6000847BA /* Info.plist */,
			);
			name = "Supporting Files";
			sourceTree = "<group>";
		};
		4EDCEE891BD4F339000847BA /* Model */ = {
			isa = PBXGroup;
			children = (
				4E2A878A1BE0D66D00F553B2 /* Entities */,
				4EDCEE831BD4F1CB000847BA /* ICSAdmin.xcdatamodeld */,
				4EDCEE8A1BD4F363000847BA /* ICSModel.h */,
				4EDCEE8B1BD4F363000847BA /* ICSModel.m */,
				4E2A87701BE0A1DF00F553B2 /* CoreDataManager.h */,
				4E2A87711BE0A1DF00F553B2 /* CoreDataManager.m */,
				4E2A877F1BE0C5E500F553B2 /* ICSDataManager.h */,
				4E2A87801BE0C5E500F553B2 /* ICSDataManager.m */,
			);
			name = Model;
			sourceTree = "<group>";
		};
		4EDCEE9D1BD4F879000847BA /* Classes */ = {
			isa = PBXGroup;
			children = (
				4EDCEE921BD4F835000847BA /* ContainerViewController.h */,
				4EDCEE931BD4F839000847BA /* ContainerViewController.m */,
				4EDCEE971BD4F84E000847BA /* ControllerTransitionContext.h */,
				4EDCEE981BD4F855000847BA /* ControllerTransitionContext.m */,
				4EDCEE9A1BD4F85A000847BA /* TransitionAnimator.h */,
				4EDCEE9B1BD4F85E000847BA /* TransitionAnimator.m */,
			);
			name = Classes;
			sourceTree = "<group>";
		};
		4EDCEEA11BD4F8D7000847BA /* Controllers */ = {
			isa = PBXGroup;
			children = (
				4E2A87931BE0EE8800F553B2 /* Authentication */,
				4EDCEEA81BD51970000847BA /* HomeViewController.h */,
				4EDCEEA91BD51970000847BA /* HomeViewController.m */,
				4EDCEEAF1BD62F8F000847BA /* MenuViewController.h */,
				4EDCEEB01BD62F8F000847BA /* MenuViewController.m */,
				4EDCEEB21BD63CD5000847BA /* CustomNavigationController.h */,
				4EDCEEB31BD63CD5000847BA /* CustomNavigationController.m */,
				4EDCEEB51BD68F87000847BA /* EventsViewController.h */,
				4EDCEEB61BD68F87000847BA /* EventsViewController.m */,
				4E23A6D71BD69D62006DC475 /* VolunteerViewController.h */,
				4E23A6D81BD69D62006DC475 /* VolunteerViewController.m */,
				4E88B7E91BDDFF7400560B14 /* CreateEventViewController.h */,
				4E88B7EA1BDDFF7400560B14 /* CreateEventViewController.m */,
				4EFE5DD01BDF6BF90059C645 /* QuestionnaireViewController.h */,
				4EFE5DD11BDF6BF90059C645 /* QuestionnaireViewController.m */,
				4EFE5DD31BDF75690059C645 /* FormViewController.h */,
				4EFE5DD41BDF75690059C645 /* FormViewController.m */,
				4E2A876A1BDFC1D800F553B2 /* SearchViewController.h */,
				4E2A876B1BDFC1D800F553B2 /* SearchViewController.m */,
			);
			name = Controllers;
			sourceTree = "<group>";
		};
		4EDCEEAE1BD6132A000847BA /* Categories */ = {
			isa = PBXGroup;
			children = (
				4EDCEEAB1BD61323000847BA /* NSDate+FormattedDate.h */,
				4EDCEEAC1BD61323000847BA /* NSDate+FormattedDate.m */,
			);
			name = Categories;
			sourceTree = "<group>";
		};
		8333FDAC9B1DB74C98E50A39 /* Pods */ = {
			isa = PBXGroup;
			children = (
				4916C51D39A56942E3C07901 /* Pods.debug.xcconfig */,
				9923BC1EF976AE8B23778228 /* Pods.release.xcconfig */,
			);
			name = Pods;
			sourceTree = "<group>";
		};
		E115C27A6568649CBB53594C /* Frameworks */ = {
			isa = PBXGroup;
			children = (
				BDABF0611E0BC3B33599D66F /* libPods.a */,
			);
			name = Frameworks;
			sourceTree = "<group>";
		};
/* End PBXGroup section */

/* Begin PBXNativeTarget section */
		4EDCEE561BD4D0F6000847BA /* ICSAdmin */ = {
			isa = PBXNativeTarget;
			buildConfigurationList = 4EDCEE7D1BD4D0F6000847BA /* Build configuration list for PBXNativeTarget "ICSAdmin" */;
			buildPhases = (
				8E297B44B5D15F0ADEBED775 /* Check Pods Manifest.lock */,
				4EDCEE531BD4D0F6000847BA /* Sources */,
				4EDCEE541BD4D0F6000847BA /* Frameworks */,
				4EDCEE551BD4D0F6000847BA /* Resources */,
				1A7A98B615D05A11DE74E3B1 /* Embed Pods Frameworks */,
				D94003A14F77506DBD5752E4 /* Copy Pods Resources */,
			);
			buildRules = (
			);
			dependencies = (
			);
			name = ICSAdmin;
			productName = ICSAdmin;
			productReference = 4EDCEE571BD4D0F6000847BA /* ICSAdmin.app */;
			productType = "com.apple.product-type.application";
		};
		4EDCEE721BD4D0F6000847BA /* ICSAdminTests */ = {
			isa = PBXNativeTarget;
			buildConfigurationList = 4EDCEE801BD4D0F6000847BA /* Build configuration list for PBXNativeTarget "ICSAdminTests" */;
			buildPhases = (
				4EDCEE6F1BD4D0F6000847BA /* Sources */,
				4EDCEE701BD4D0F6000847BA /* Frameworks */,
				4EDCEE711BD4D0F6000847BA /* Resources */,
			);
			buildRules = (
			);
			dependencies = (
				4EDCEE751BD4D0F6000847BA /* PBXTargetDependency */,
			);
			name = ICSAdminTests;
			productName = ICSAdminTests;
			productReference = 4EDCEE731BD4D0F6000847BA /* ICSAdminTests.xctest */;
			productType = "com.apple.product-type.bundle.unit-test";
		};
/* End PBXNativeTarget section */

/* Begin PBXProject section */
		4EDCEE4F1BD4D0F6000847BA /* Project object */ = {
			isa = PBXProject;
			attributes = {
				LastUpgradeCheck = 0700;
				ORGANIZATIONNAME = "GHCI-CSPR";
				TargetAttributes = {
					4EDCEE561BD4D0F6000847BA = {
						CreatedOnToolsVersion = 6.3.1;
					};
					4EDCEE721BD4D0F6000847BA = {
						CreatedOnToolsVersion = 6.3.1;
						TestTargetID = 4EDCEE561BD4D0F6000847BA;
					};
				};
			};
			buildConfigurationList = 4EDCEE521BD4D0F6000847BA /* Build configuration list for PBXProject "ICSAdmin" */;
			compatibilityVersion = "Xcode 3.2";
			developmentRegion = English;
			hasScannedForEncodings = 0;
			knownRegions = (
				en,
				Base,
			);
			mainGroup = 4EDCEE4E1BD4D0F6000847BA;
			productRefGroup = 4EDCEE581BD4D0F6000847BA /* Products */;
			projectDirPath = "";
			projectRoot = "";
			targets = (
				4EDCEE561BD4D0F6000847BA /* ICSAdmin */,
				4EDCEE721BD4D0F6000847BA /* ICSAdminTests */,
			);
		};
/* End PBXProject section */

/* Begin PBXResourcesBuildPhase section */
		4EDCEE551BD4D0F6000847BA /* Resources */ = {
			isa = PBXResourcesBuildPhase;
			buildActionMask = 2147483647;
			files = (
				4EDCEE691BD4D0F6000847BA /* Main.storyboard in Resources */,
				4EDCEEA41BD4FA45000847BA /* Login.storyboard in Resources */,
				4EDCEE6E1BD4D0F6000847BA /* LaunchScreen.xib in Resources */,
				4EDCEE6B1BD4D0F6000847BA /* Images.xcassets in Resources */,
			);
			runOnlyForDeploymentPostprocessing = 0;
		};
		4EDCEE711BD4D0F6000847BA /* Resources */ = {
			isa = PBXResourcesBuildPhase;
			buildActionMask = 2147483647;
			files = (
			);
			runOnlyForDeploymentPostprocessing = 0;
		};
/* End PBXResourcesBuildPhase section */

/* Begin PBXShellScriptBuildPhase section */
		1A7A98B615D05A11DE74E3B1 /* Embed Pods Frameworks */ = {
			isa = PBXShellScriptBuildPhase;
			buildActionMask = 2147483647;
			files = (
			);
			inputPaths = (
			);
			name = "Embed Pods Frameworks";
			outputPaths = (
			);
			runOnlyForDeploymentPostprocessing = 0;
			shellPath = /bin/sh;
			shellScript = "\"${SRCROOT}/Pods/Target Support Files/Pods/Pods-frameworks.sh\"\n";
			showEnvVarsInLog = 0;
		};
		8E297B44B5D15F0ADEBED775 /* Check Pods Manifest.lock */ = {
			isa = PBXShellScriptBuildPhase;
			buildActionMask = 2147483647;
			files = (
			);
			inputPaths = (
			);
			name = "Check Pods Manifest.lock";
			outputPaths = (
			);
			runOnlyForDeploymentPostprocessing = 0;
			shellPath = /bin/sh;
			shellScript = "diff \"${PODS_ROOT}/../Podfile.lock\" \"${PODS_ROOT}/Manifest.lock\" > /dev/null\nif [[ $? != 0 ]] ; then\n    cat << EOM\nerror: The sandbox is not in sync with the Podfile.lock. Run 'pod install' or update your CocoaPods installation.\nEOM\n    exit 1\nfi\n";
			showEnvVarsInLog = 0;
		};
		D94003A14F77506DBD5752E4 /* Copy Pods Resources */ = {
			isa = PBXShellScriptBuildPhase;
			buildActionMask = 2147483647;
			files = (
			);
			inputPaths = (
			);
			name = "Copy Pods Resources";
			outputPaths = (
			);
			runOnlyForDeploymentPostprocessing = 0;
			shellPath = /bin/sh;
			shellScript = "\"${SRCROOT}/Pods/Target Support Files/Pods/Pods-resources.sh\"\n";
			showEnvVarsInLog = 0;
		};
/* End PBXShellScriptBuildPhase section */

/* Begin PBXSourcesBuildPhase section */
		4EDCEE531BD4D0F6000847BA /* Sources */ = {
			isa = PBXSourcesBuildPhase;
			buildActionMask = 2147483647;
			files = (
				4E23A6D91BD69D62006DC475 /* VolunteerViewController.m in Sources */,
				4E2A878D1BE0D6FB00F553B2 /* User+APIAdditions.m in Sources */,
				4EDCEE8F1BD4F527000847BA /* AppDelegate.m in Sources */,
				4E2A87881BE0D64C00F553B2 /* User.m in Sources */,
				4E2A876C1BDFC1D800F553B2 /* SearchViewController.m in Sources */,
				4EDCEE5D1BD4D0F6000847BA /* main.m in Sources */,
				4EDCEEA01BD4F8CF000847BA /* LoginViewController.m in Sources */,
				4EFE5DD21BDF6BF90059C645 /* QuestionnaireViewController.m in Sources */,
				4E2A87811BE0C5E500F553B2 /* ICSDataManager.m in Sources */,
				4EDCEEB71BD68F87000847BA /* EventsViewController.m in Sources */,
				4EDCEEAA1BD51970000847BA /* HomeViewController.m in Sources */,
				4EDCEEA71BD502B3000847BA /* SignupViewController.m in Sources */,
				4EDCEE8C1BD4F363000847BA /* ICSModel.m in Sources */,
				4E2A877E1BE0BEFF00F553B2 /* AdminAPIInterface.m in Sources */,
				4EDCEE851BD4F1CB000847BA /* ICSAdmin.xcdatamodeld in Sources */,
				4EDCEEB11BD62F8F000847BA /* MenuViewController.m in Sources */,
				4EDCEE9C1BD4F85E000847BA /* TransitionAnimator.m in Sources */,
				4E88B7EB1BDDFF7400560B14 /* CreateEventViewController.m in Sources */,
				4EDCEE991BD4F855000847BA /* ControllerTransitionContext.m in Sources */,
				4E2A87721BE0A1DF00F553B2 /* CoreDataManager.m in Sources */,
				4E2A87911BE0E4DD00F553B2 /* ProfileViewController.m in Sources */,
				4E2A87841BE0D63A00F553B2 /* User+CoreDataProperties.m in Sources */,
				4E2A87751BE0A92000F553B2 /* APIInterface.m in Sources */,
				4EFE5DD51BDF75690059C645 /* FormViewController.m in Sources */,
				4E2A87791BE0A9E800F553B2 /* APIError.m in Sources */,
				4E88B7EE1BDE1EAC00560B14 /* SelectorView.m in Sources */,
				4EDCEEB41BD63CD5000847BA /* CustomNavigationController.m in Sources */,
				4EDCEE941BD4F839000847BA /* ContainerViewController.m in Sources */,
				4EDCEEAD1BD61323000847BA /* NSDate+FormattedDate.m in Sources */,
			);
			runOnlyForDeploymentPostprocessing = 0;
		};
		4EDCEE6F1BD4D0F6000847BA /* Sources */ = {
			isa = PBXSourcesBuildPhase;
			buildActionMask = 2147483647;
			files = (
				4E2A87921BE0E4DD00F553B2 /* ProfileViewController.m in Sources */,
				4EDCEE7A1BD4D0F6000847BA /* ICSAdminTests.m in Sources */,
			);
			runOnlyForDeploymentPostprocessing = 0;
		};
/* End PBXSourcesBuildPhase section */

/* Begin PBXTargetDependency section */
		4EDCEE751BD4D0F6000847BA /* PBXTargetDependency */ = {
			isa = PBXTargetDependency;
			target = 4EDCEE561BD4D0F6000847BA /* ICSAdmin */;
			targetProxy = 4EDCEE741BD4D0F6000847BA /* PBXContainerItemProxy */;
		};
/* End PBXTargetDependency section */

/* Begin PBXVariantGroup section */
		4EDCEE671BD4D0F6000847BA /* Main.storyboard */ = {
			isa = PBXVariantGroup;
			children = (
				4EDCEE681BD4D0F6000847BA /* Base */,
			);
			name = Main.storyboard;
			sourceTree = "<group>";
		};
		4EDCEE6C1BD4D0F6000847BA /* LaunchScreen.xib */ = {
			isa = PBXVariantGroup;
			children = (
				4EDCEE6D1BD4D0F6000847BA /* Base */,
			);
			name = LaunchScreen.xib;
			sourceTree = "<group>";
		};
/* End PBXVariantGroup section */

/* Begin XCBuildConfiguration section */
		4EDCEE7B1BD4D0F6000847BA /* Debug */ = {
			isa = XCBuildConfiguration;
			buildSettings = {
				ALWAYS_SEARCH_USER_PATHS = NO;
				CLANG_CXX_LANGUAGE_STANDARD = "gnu++0x";
				CLANG_CXX_LIBRARY = "libc++";
				CLANG_ENABLE_MODULES = YES;
				CLANG_ENABLE_OBJC_ARC = YES;
				CLANG_WARN_BOOL_CONVERSION = YES;
				CLANG_WARN_CONSTANT_CONVERSION = YES;
				CLANG_WARN_DIRECT_OBJC_ISA_USAGE = YES_ERROR;
				CLANG_WARN_EMPTY_BODY = YES;
				CLANG_WARN_ENUM_CONVERSION = YES;
				CLANG_WARN_INT_CONVERSION = YES;
				CLANG_WARN_OBJC_ROOT_CLASS = YES_ERROR;
				CLANG_WARN_UNREACHABLE_CODE = YES;
				CLANG_WARN__DUPLICATE_METHOD_MATCH = YES;
				"CODE_SIGN_IDENTITY[sdk=iphoneos*]" = "iPhone Developer";
				COPY_PHASE_STRIP = NO;
				DEBUG_INFORMATION_FORMAT = "dwarf-with-dsym";
				ENABLE_STRICT_OBJC_MSGSEND = YES;
				ENABLE_TESTABILITY = YES;
				GCC_C_LANGUAGE_STANDARD = gnu99;
				GCC_DYNAMIC_NO_PIC = NO;
				GCC_NO_COMMON_BLOCKS = YES;
				GCC_OPTIMIZATION_LEVEL = 0;
				GCC_PREPROCESSOR_DEFINITIONS = (
					"DEBUG=1",
					"$(inherited)",
				);
				GCC_SYMBOLS_PRIVATE_EXTERN = NO;
				GCC_WARN_64_TO_32_BIT_CONVERSION = YES;
				GCC_WARN_ABOUT_RETURN_TYPE = YES_ERROR;
				GCC_WARN_UNDECLARED_SELECTOR = YES;
				GCC_WARN_UNINITIALIZED_AUTOS = YES_AGGRESSIVE;
				GCC_WARN_UNUSED_FUNCTION = YES;
				GCC_WARN_UNUSED_VARIABLE = YES;
				IPHONEOS_DEPLOYMENT_TARGET = 8.2;
				MTL_ENABLE_DEBUG_INFO = YES;
				ONLY_ACTIVE_ARCH = YES;
				SDKROOT = iphoneos;
				TARGETED_DEVICE_FAMILY = "1,2";
			};
			name = Debug;
		};
		4EDCEE7C1BD4D0F6000847BA /* Release */ = {
			isa = XCBuildConfiguration;
			buildSettings = {
				ALWAYS_SEARCH_USER_PATHS = NO;
				CLANG_CXX_LANGUAGE_STANDARD = "gnu++0x";
				CLANG_CXX_LIBRARY = "libc++";
				CLANG_ENABLE_MODULES = YES;
				CLANG_ENABLE_OBJC_ARC = YES;
				CLANG_WARN_BOOL_CONVERSION = YES;
				CLANG_WARN_CONSTANT_CONVERSION = YES;
				CLANG_WARN_DIRECT_OBJC_ISA_USAGE = YES_ERROR;
				CLANG_WARN_EMPTY_BODY = YES;
				CLANG_WARN_ENUM_CONVERSION = YES;
				CLANG_WARN_INT_CONVERSION = YES;
				CLANG_WARN_OBJC_ROOT_CLASS = YES_ERROR;
				CLANG_WARN_UNREACHABLE_CODE = YES;
				CLANG_WARN__DUPLICATE_METHOD_MATCH = YES;
				"CODE_SIGN_IDENTITY[sdk=iphoneos*]" = "iPhone Developer";
				COPY_PHASE_STRIP = NO;
				DEBUG_INFORMATION_FORMAT = "dwarf-with-dsym";
				ENABLE_NS_ASSERTIONS = NO;
				ENABLE_STRICT_OBJC_MSGSEND = YES;
				GCC_C_LANGUAGE_STANDARD = gnu99;
				GCC_NO_COMMON_BLOCKS = YES;
				GCC_WARN_64_TO_32_BIT_CONVERSION = YES;
				GCC_WARN_ABOUT_RETURN_TYPE = YES_ERROR;
				GCC_WARN_UNDECLARED_SELECTOR = YES;
				GCC_WARN_UNINITIALIZED_AUTOS = YES_AGGRESSIVE;
				GCC_WARN_UNUSED_FUNCTION = YES;
				GCC_WARN_UNUSED_VARIABLE = YES;
				IPHONEOS_DEPLOYMENT_TARGET = 8.2;
				MTL_ENABLE_DEBUG_INFO = NO;
				SDKROOT = iphoneos;
				TARGETED_DEVICE_FAMILY = "1,2";
				VALIDATE_PRODUCT = YES;
			};
			name = Release;
		};
		4EDCEE7E1BD4D0F6000847BA /* Debug */ = {
			isa = XCBuildConfiguration;
			baseConfigurationReference = 4916C51D39A56942E3C07901 /* Pods.debug.xcconfig */;
			buildSettings = {
				ASSETCATALOG_COMPILER_APPICON_NAME = AppIcon;
				GCC_PRECOMPILE_PREFIX_HEADER = YES;
				GCC_PREFIX_HEADER = "$(SRCROOT)/ICSAdmin/ICSAdmin-Prefix.pch";
				HEADER_SEARCH_PATHS = (
					"$(inherited)/**",
					"\"${PODS_ROOT}/Headers/Public\"/**",
					"\"${PODS_ROOT}/Headers/Public/AFNetworking\"/**",
					"\"${PODS_ROOT}/Headers/Public/ISO8601DateFormatterValueTransformer\"/**",
					"\"${PODS_ROOT}/Headers/Public/KNSemiModalViewController_hons82\"/**",
					"\"${PODS_ROOT}/Headers/Public/RKValueTransformers\"/**",
					"\"${PODS_ROOT}/Headers/Public/RUMSlidingMenu\"/**",
					"\"${PODS_ROOT}/Headers/Public/RestKit\"/**",
					"\"${PODS_ROOT}/Headers/Public/SOCKit\"/**",
					"\"${PODS_ROOT}/Headers/Public/THCalendarDatePicker\"/**",
					"\"${PODS_ROOT}/Headers/Public/TransitionKit\"/**",
					"\"${PODS_ROOT}/Headers/Public/XLForm\"/**",
				);
				INFOPLIST_FILE = ICSAdmin/Info.plist;
				LD_RUNPATH_SEARCH_PATHS = "$(inherited) @executable_path/Frameworks";
				PRODUCT_BUNDLE_IDENTIFIER = "GHCI-CSPR.$(PRODUCT_NAME:rfc1034identifier)";
				PRODUCT_NAME = "$(TARGET_NAME)";
			};
			name = Debug;
		};
		4EDCEE7F1BD4D0F6000847BA /* Release */ = {
			isa = XCBuildConfiguration;
			baseConfigurationReference = 9923BC1EF976AE8B23778228 /* Pods.release.xcconfig */;
			buildSettings = {
				ASSETCATALOG_COMPILER_APPICON_NAME = AppIcon;
				GCC_PRECOMPILE_PREFIX_HEADER = YES;
				GCC_PREFIX_HEADER = "$(SRCROOT)/ICSAdmin/ICSAdmin-Prefix.pch";
				HEADER_SEARCH_PATHS = (
					"$(inherited)/**",
					"\"${PODS_ROOT}/Headers/Public\"/**",
					"\"${PODS_ROOT}/Headers/Public/AFNetworking\"/**",
					"\"${PODS_ROOT}/Headers/Public/ISO8601DateFormatterValueTransformer\"/**",
					"\"${PODS_ROOT}/Headers/Public/KNSemiModalViewController_hons82\"/**",
					"\"${PODS_ROOT}/Headers/Public/RKValueTransformers\"/**",
					"\"${PODS_ROOT}/Headers/Public/RUMSlidingMenu\"/**",
					"\"${PODS_ROOT}/Headers/Public/RestKit\"/**",
					"\"${PODS_ROOT}/Headers/Public/SOCKit\"/**",
					"\"${PODS_ROOT}/Headers/Public/THCalendarDatePicker\"/**",
					"\"${PODS_ROOT}/Headers/Public/TransitionKit\"/**",
					"\"${PODS_ROOT}/Headers/Public/XLForm\"/**",
				);
				INFOPLIST_FILE = ICSAdmin/Info.plist;
				LD_RUNPATH_SEARCH_PATHS = "$(inherited) @executable_path/Frameworks";
				PRODUCT_BUNDLE_IDENTIFIER = "GHCI-CSPR.$(PRODUCT_NAME:rfc1034identifier)";
				PRODUCT_NAME = "$(TARGET_NAME)";
			};
			name = Release;
		};
		4EDCEE811BD4D0F6000847BA /* Debug */ = {
			isa = XCBuildConfiguration;
			buildSettings = {
				BUNDLE_LOADER = "$(TEST_HOST)";
				FRAMEWORK_SEARCH_PATHS = (
					"$(SDKROOT)/Developer/Library/Frameworks",
					"$(inherited)",
				);
				GCC_PRECOMPILE_PREFIX_HEADER = YES;
				GCC_PREFIX_HEADER = "$(SRCROOT)/ICSAdmin/ICSAdmin-Prefix.pch";
				GCC_PREPROCESSOR_DEFINITIONS = (
					"DEBUG=1",
					"$(inherited)",
				);
				HEADER_SEARCH_PATHS = "";
				INFOPLIST_FILE = ICSAdminTests/Info.plist;
				LD_RUNPATH_SEARCH_PATHS = "$(inherited) @executable_path/Frameworks @loader_path/Frameworks";
				PRODUCT_BUNDLE_IDENTIFIER = "GHCI-CSPR.$(PRODUCT_NAME:rfc1034identifier)";
				PRODUCT_NAME = "$(TARGET_NAME)";
				TEST_HOST = "$(BUILT_PRODUCTS_DIR)/ICSAdmin.app/ICSAdmin";
			};
			name = Debug;
		};
		4EDCEE821BD4D0F6000847BA /* Release */ = {
			isa = XCBuildConfiguration;
			buildSettings = {
				BUNDLE_LOADER = "$(TEST_HOST)";
				FRAMEWORK_SEARCH_PATHS = (
					"$(SDKROOT)/Developer/Library/Frameworks",
					"$(inherited)",
				);
				GCC_PRECOMPILE_PREFIX_HEADER = YES;
				GCC_PREFIX_HEADER = "$(SRCROOT)/ICSAdmin/ICSAdmin-Prefix.pch";
				HEADER_SEARCH_PATHS = "";
				INFOPLIST_FILE = ICSAdminTests/Info.plist;
				LD_RUNPATH_SEARCH_PATHS = "$(inherited) @executable_path/Frameworks @loader_path/Frameworks";
				PRODUCT_BUNDLE_IDENTIFIER = "GHCI-CSPR.$(PRODUCT_NAME:rfc1034identifier)";
				PRODUCT_NAME = "$(TARGET_NAME)";
				TEST_HOST = "$(BUILT_PRODUCTS_DIR)/ICSAdmin.app/ICSAdmin";
			};
			name = Release;
		};
/* End XCBuildConfiguration section */

/* Begin XCConfigurationList section */
		4EDCEE521BD4D0F6000847BA /* Build configuration list for PBXProject "ICSAdmin" */ = {
			isa = XCConfigurationList;
			buildConfigurations = (
				4EDCEE7B1BD4D0F6000847BA /* Debug */,
				4EDCEE7C1BD4D0F6000847BA /* Release */,
			);
			defaultConfigurationIsVisible = 0;
			defaultConfigurationName = Release;
		};
		4EDCEE7D1BD4D0F6000847BA /* Build configuration list for PBXNativeTarget "ICSAdmin" */ = {
			isa = XCConfigurationList;
			buildConfigurations = (
				4EDCEE7E1BD4D0F6000847BA /* Debug */,
				4EDCEE7F1BD4D0F6000847BA /* Release */,
			);
			defaultConfigurationIsVisible = 0;
			defaultConfigurationName = Release;
		};
		4EDCEE801BD4D0F6000847BA /* Build configuration list for PBXNativeTarget "ICSAdminTests" */ = {
			isa = XCConfigurationList;
			buildConfigurations = (
				4EDCEE811BD4D0F6000847BA /* Debug */,
				4EDCEE821BD4D0F6000847BA /* Release */,
			);
			defaultConfigurationIsVisible = 0;
			defaultConfigurationName = Release;
		};
/* End XCConfigurationList section */

/* Begin XCVersionGroup section */
		4EDCEE831BD4F1CB000847BA /* ICSAdmin.xcdatamodeld */ = {
			isa = XCVersionGroup;
			children = (
				4EDCEE841BD4F1CB000847BA /* ICSAdmin.xcdatamodel */,
			);
			currentVersion = 4EDCEE841BD4F1CB000847BA /* ICSAdmin.xcdatamodel */;
			path = ICSAdmin.xcdatamodeld;
			sourceTree = "<group>";
			versionGroupType = wrapper.xcdatamodel;
		};
/* End XCVersionGroup section */
	};
	rootObject = 4EDCEE4F1BD4D0F6000847BA /* Project object */;
}
